
Microsoft Visual Studio Solution File, Format Version 12.00
# Visual Studio Version 17
VisualStudioVersion = 17.8.34309.116
MinimumVisualStudioVersion = 10.0.40219.1
Project("{9A19103F-16F7-4668-BE54-9A1E7A4F7556}") = "fsdemo", "fsdemo\fsdemo.csproj", "{D59639DF-4F72-4961-BD19-1B6A16B3BA35}"
EndProject
Global
	GlobalSection(SolutionConfigurationPlatforms) = preSolution
		Debug|Any CPU = Debug|Any CPU
		Release|Any CPU = Release|Any CPU
	EndGlobalSection
	GlobalSection(ProjectConfigurationPlatforms) = postSolution
		{D59639DF-4F72-4961-BD19-1B6A16B3BA35}.Debug|Any CPU.ActiveCfg = Debug|Any CPU
		{D59639DF-4F72-4961-BD19-1B6A16B3BA35}.Debug|Any CPU.Build.0 = Debug|Any CPU
		{D59639DF-4F72-4961-BD19-1B6A16B3BA35}.Release|Any CPU.ActiveCfg = Release|Any CPU
		{D59639DF-4F72-4961-BD19-1B6A16B3BA35}.Release|Any CPU.Build.0 = Release|Any CPU
	EndGlobalSection
	GlobalSection(SolutionProperties) = preSolution
		HideSolutionNode = FALSE
	EndGlobalSection
	GlobalSection(ExtensibilityGlobals) = postSolution
		SolutionGuid = {D8AA6F66-7E49-4543-849A-8722AD5266EC}
	EndGlobalSection
EndGlobal
